<?xml version="1.0" encoding="UTF-8" standalone="yes" ?>
<CodeBlocks_project_file>
	<FileVersion major="1" minor="6" />
	<Project>
		<Option title="tp 2 proy" />
		<Option pch_mode="2" />
		<Option compiler="gcc" />
		<Build>
			<Target title="Debug">
				<Option output="bin/Debug/tp 2 proy" prefix_auto="1" extension_auto="1" />
				<Option object_output="obj/Debug/" />
				<Option type="1" />
				<Option compiler="gcc" />
				<Compiler>
					<Add option="-g" />
					<Add directory="include" />
				</Compiler>
				<Linker>
					<Add library="SFML-2.5.1/lib/libsfml-graphics-d.a" />
					<Add library="SFML-2.5.1/lib/libsfml-window-d.a" />
					<Add library="SFML-2.5.1/lib/libsfml-system-d.a" />
				</Linker>
			</Target>
			<Target title="Release">
				<Option output="bin/Release/tp 2 proy" prefix_auto="1" extension_auto="1" />
				<Option object_output="obj/Release/" />
				<Option type="1" />
				<Option compiler="gcc" />
				<Compiler>
					<Add option="-O2" />
					<Add directory="include" />
				</Compiler>
				<Linker>
					<Add option="-s" />
					<Add library="SFML-2.5.1/lib/libsfml-graphics.a" />
					<Add library="SFML-2.5.1/lib/libsfml-window.a" />
					<Add library="SFML-2.5.1/lib/libsfml-system.a" />
				</Linker>
			</Target>
		</Build>
		<Compiler>
			<Add option="-Wall" />
			<Add directory="SFML-2.5.1/include" />
		</Compiler>
		<Linker>
			<Add directory="SFML-2.5.1/lib" />
		</Linker>
		<Unit filename="include/Camino.h" />
		<Unit filename="include/Carta.h" />
		<Unit filename="include/Dado.h" />
		<Unit filename="include/Entidad.h" />
		<Unit filename="include/Espacio.h" />
		<Unit filename="include/Estructura.h" />
		<Unit filename="include/Ficha.h" />
		<Unit filename="include/FuncionesGlobales.h" />
		<Unit filename="include/GamePlay.h" />
		<Unit filename="include/Hexagono.h" />
		<Unit filename="include/Jugador.h" />
		<Unit filename="include/Ladron.h" />
		<Unit filename="include/Map.h" />
		<Unit filename="include/Puerto.h" />
		<Unit filename="include/Saludo.h" />
		<Unit filename="main.cpp" />
		<Unit filename="src/Camino.cpp" />
		<Unit filename="src/Carta.cpp" />
		<Unit filename="src/Dado.cpp" />
		<Unit filename="src/Entidad.cpp" />
		<Unit filename="src/Espacio.cpp" />
		<Unit filename="src/Estructura.cpp" />
		<Unit filename="src/Ficha.cpp" />
		<Unit filename="src/FuncionesGlobales.cpp" />
		<Unit filename="src/GamePlay.cpp" />
		<Unit filename="src/Hexagono.cpp" />
		<Unit filename="src/Jugador.cpp" />
		<Unit filename="src/Ladron.cpp" />
		<Unit filename="src/Map.cpp" />
		<Unit filename="src/Puerto.cpp" />
		<Unit filename="src/Saludo.cpp" />
		<Extensions>
			<lib_finder disable_auto="1" />
		</Extensions>
	</Project>
</CodeBlocks_project_file>
